
Microsoft Visual Studio Solution File, Format Version 12.00
# Visual Studio Version 17
VisualStudioVersion = 17.3.32901.215
MinimumVisualStudioVersion = 10.0.40219.1
Project("{FAE04EC0-301F-11D3-BF4B-00C04F79EFBC}") = "Donanım-Bİrimleri-1575", "Donanım-Bİrimleri-1575\Donanım-Bİrimleri-1575.csproj", "{FDE4BE7F-577B-4ECE-9B65-DDB426C0BB4A}"
EndProject
Global
	GlobalSection(SolutionConfigurationPlatforms) = preSolution
		Debug|Any CPU = Debug|Any CPU
		Release|Any CPU = Release|Any CPU
	EndGlobalSection
	GlobalSection(ProjectConfigurationPlatforms) = postSolution
		{FDE4BE7F-577B-4ECE-9B65-DDB426C0BB4A}.Debug|Any CPU.ActiveCfg = Debug|Any CPU
		{FDE4BE7F-577B-4ECE-9B65-DDB426C0BB4A}.Debug|Any CPU.Build.0 = Debug|Any CPU
		{FDE4BE7F-577B-4ECE-9B65-DDB426C0BB4A}.Release|Any CPU.ActiveCfg = Release|Any CPU
		{FDE4BE7F-577B-4ECE-9B65-DDB426C0BB4A}.Release|Any CPU.Build.0 = Release|Any CPU
	EndGlobalSection
	GlobalSection(SolutionProperties) = preSolution
		HideSolutionNode = FALSE
	EndGlobalSection
	GlobalSection(ExtensibilityGlobals) = postSolution
		SolutionGuid = {825458BE-6357-4CE4-9A2C-B2829387585D}
	EndGlobalSection
EndGlobal
